
Microsoft Visual Studio Solution File, Format Version 12.00
# Visual Studio 15
VisualStudioVersion = 15.0.28307.1231
MinimumVisualStudioVersion = 10.0.40219.1
Project("{FAE04EC0-301F-11D3-BF4B-00C04F79EFBC}") = "WarmUpService", "WarmUpService\WarmUpService.csproj", "{B2B66047-8F8B-4D4E-9136-E28BF88BABF6}"
EndProject
Project("{FAE04EC0-301F-11D3-BF4B-00C04F79EFBC}") = "FrontEnd", "FrontEnd\FrontEnd.csproj", "{3100DC27-02A8-421A-9639-91CEEB72C2C0}"
EndProject
Global
	GlobalSection(SolutionConfigurationPlatforms) = preSolution
		Debug|Any CPU = Debug|Any CPU
		Release|Any CPU = Release|Any CPU
	EndGlobalSection
	GlobalSection(ProjectConfigurationPlatforms) = postSolution
		{B2B66047-8F8B-4D4E-9136-E28BF88BABF6}.Debug|Any CPU.ActiveCfg = Debug|Any CPU
		{B2B66047-8F8B-4D4E-9136-E28BF88BABF6}.Debug|Any CPU.Build.0 = Debug|Any CPU
		{B2B66047-8F8B-4D4E-9136-E28BF88BABF6}.Release|Any CPU.ActiveCfg = Release|Any CPU
		{B2B66047-8F8B-4D4E-9136-E28BF88BABF6}.Release|Any CPU.Build.0 = Release|Any CPU
		{3100DC27-02A8-421A-9639-91CEEB72C2C0}.Debug|Any CPU.ActiveCfg = Debug|Any CPU
		{3100DC27-02A8-421A-9639-91CEEB72C2C0}.Debug|Any CPU.Build.0 = Debug|Any CPU
		{3100DC27-02A8-421A-9639-91CEEB72C2C0}.Release|Any CPU.ActiveCfg = Release|Any CPU
		{3100DC27-02A8-421A-9639-91CEEB72C2C0}.Release|Any CPU.Build.0 = Release|Any CPU
	EndGlobalSection
	GlobalSection(SolutionProperties) = preSolution
		HideSolutionNode = FALSE
	EndGlobalSection
	GlobalSection(ExtensibilityGlobals) = postSolution
		SolutionGuid = {A9EEF197-2F8E-4A97-808C-7EBBCBDFFEA1}
	EndGlobalSection
EndGlobal
